
Microsoft Visual Studio Solution File, Format Version 12.00
# Visual Studio Version 17
VisualStudioVersion = 17.5.002.0
MinimumVisualStudioVersion = 10.0.40219.1
Project("{9A19103F-16F7-4668-BE54-9A1E7A4F7556}") = "kolombus-api", "kolombus-api.csproj", "{E6E01F35-7E91-4364-91E9-0A33F3496877}"
EndProject
Global
	GlobalSection(SolutionConfigurationPlatforms) = preSolution
		Debug|Any CPU = Debug|Any CPU
		Release|Any CPU = Release|Any CPU
	EndGlobalSection
	GlobalSection(ProjectConfigurationPlatforms) = postSolution
		{E6E01F35-7E91-4364-91E9-0A33F3496877}.Debug|Any CPU.ActiveCfg = Debug|Any CPU
		{E6E01F35-7E91-4364-91E9-0A33F3496877}.Debug|Any CPU.Build.0 = Debug|Any CPU
		{E6E01F35-7E91-4364-91E9-0A33F3496877}.Release|Any CPU.ActiveCfg = Release|Any CPU
		{E6E01F35-7E91-4364-91E9-0A33F3496877}.Release|Any CPU.Build.0 = Release|Any CPU
	EndGlobalSection
	GlobalSection(SolutionProperties) = preSolution
		HideSolutionNode = FALSE
	EndGlobalSection
	GlobalSection(ExtensibilityGlobals) = postSolution
		SolutionGuid = {DF2068E6-07A6-4F03-BE29-8EC05A9A1FB2}
	EndGlobalSection
EndGlobal
