
Microsoft Visual Studio Solution File, Format Version 12.00
# Visual Studio Version 17
VisualStudioVersion = 17.7.34009.444
MinimumVisualStudioVersion = 10.0.40219.1
Project("{9A19103F-16F7-4668-BE54-9A1E7A4F7556}") = "API", "API\API.csproj", "{15B9BF15-AA33-43E1-A3E4-2B069D83A260}"
EndProject
Project("{9A19103F-16F7-4668-BE54-9A1E7A4F7556}") = "Model", "Model\Model.csproj", "{134F331F-A990-4892-B3C3-A2290ABBBFB7}"
EndProject
Project("{FAE04EC0-301F-11D3-BF4B-00C04F79EFBC}") = "ModelMigrations", "ModelMigrations\ModelMigrations.csproj", "{790A31F1-20AA-4524-B801-E55AF6097DDB}"
EndProject
Global
	GlobalSection(SolutionConfigurationPlatforms) = preSolution
		Debug|Any CPU = Debug|Any CPU
		Release|Any CPU = Release|Any CPU
	EndGlobalSection
	GlobalSection(ProjectConfigurationPlatforms) = postSolution
		{15B9BF15-AA33-43E1-A3E4-2B069D83A260}.Debug|Any CPU.ActiveCfg = Debug|Any CPU
		{15B9BF15-AA33-43E1-A3E4-2B069D83A260}.Debug|Any CPU.Build.0 = Debug|Any CPU
		{15B9BF15-AA33-43E1-A3E4-2B069D83A260}.Release|Any CPU.ActiveCfg = Release|Any CPU
		{15B9BF15-AA33-43E1-A3E4-2B069D83A260}.Release|Any CPU.Build.0 = Release|Any CPU
		{134F331F-A990-4892-B3C3-A2290ABBBFB7}.Debug|Any CPU.ActiveCfg = Debug|Any CPU
		{134F331F-A990-4892-B3C3-A2290ABBBFB7}.Debug|Any CPU.Build.0 = Debug|Any CPU
		{134F331F-A990-4892-B3C3-A2290ABBBFB7}.Release|Any CPU.ActiveCfg = Release|Any CPU
		{134F331F-A990-4892-B3C3-A2290ABBBFB7}.Release|Any CPU.Build.0 = Release|Any CPU
		{790A31F1-20AA-4524-B801-E55AF6097DDB}.Debug|Any CPU.ActiveCfg = Debug|Any CPU
		{790A31F1-20AA-4524-B801-E55AF6097DDB}.Debug|Any CPU.Build.0 = Debug|Any CPU
		{790A31F1-20AA-4524-B801-E55AF6097DDB}.Release|Any CPU.ActiveCfg = Release|Any CPU
		{790A31F1-20AA-4524-B801-E55AF6097DDB}.Release|Any CPU.Build.0 = Release|Any CPU
	EndGlobalSection
	GlobalSection(SolutionProperties) = preSolution
		HideSolutionNode = FALSE
	EndGlobalSection
	GlobalSection(ExtensibilityGlobals) = postSolution
		SolutionGuid = {F733A25C-09D4-421A-9153-DCF1CB9ECAB0}
	EndGlobalSection
EndGlobal
